
Microsoft Visual Studio Solution File, Format Version 12.00
# Visual Studio Version 16
VisualStudioVersion = 16.0.29613.14
MinimumVisualStudioVersion = 10.0.40219.1
Project("{FAE04EC0-301F-11D3-BF4B-00C04F79EFBC}") = "HWIDscan", "HWIDscan.csproj", "{791C13A1-74D0-4884-8FAB-F85027CB66D7}"
EndProject
Global
	GlobalSection(SolutionConfigurationPlatforms) = preSolution
		Debug|Any CPU = Debug|Any CPU
		Release|Any CPU = Release|Any CPU
	EndGlobalSection
	GlobalSection(ProjectConfigurationPlatforms) = postSolution
		{791C13A1-74D0-4884-8FAB-F85027CB66D7}.Debug|Any CPU.ActiveCfg = Debug|Any CPU
		{791C13A1-74D0-4884-8FAB-F85027CB66D7}.Debug|Any CPU.Build.0 = Debug|Any CPU
		{791C13A1-74D0-4884-8FAB-F85027CB66D7}.Release|Any CPU.ActiveCfg = Release|Any CPU
		{791C13A1-74D0-4884-8FAB-F85027CB66D7}.Release|Any CPU.Build.0 = Release|Any CPU
	EndGlobalSection
	GlobalSection(SolutionProperties) = preSolution
		HideSolutionNode = FALSE
	EndGlobalSection
	GlobalSection(ExtensibilityGlobals) = postSolution
		SolutionGuid = {35248737-F7D9-4127-9FA2-45B730EE0CAC}
	EndGlobalSection
EndGlobal
